58f8da642d6a018172582e891fe8f3216176b0c8bbaaf9c50d46355012484e5f  lib/tagged.cyr
8827084da05894d22b3a54b6b0f8a6aed30a41f6ab81a5a87318c9672dda3fc8  lib/net.cyr
90d01355e0fd6e0e621d38d418e9ac1095b1efcf7e94c9b5e7b78603727c2e1b  lib/mmap.cyr
f7852e63d5d26359956b455f270a138a80ca4de1bc00ba4cd3fa56c346b9a139  lib/str.cyr
7321bb4083078e849ffb45c2000ce72f5e26410493fe78f4b821474a474af1d1  lib/libro.cyr
ea3d1d0d2cc3b0173bbe6f8c7e9d6fdfa4eccb7a83e948bbad02878892138282  lib/argonaut_notify.cyr
15463a1fb581b9fa3d8fabaad4301c1a2b90a653a5e14b24e5e751514850a0a2  lib/alloc_macos.cyr
23ea726d3f902222b0018f90f36c3c066d44be299caeb6aca468ec45d295c29e  lib/argonaut_process_mgmt.cyr
37dcc67b35a6b74de01ad39136ce01e543dcd6f9f943bc96aac9f229e5e68fb5  lib/argonaut_audit_ext.cyr
d93d196b47edd5eb43c56033548c8132fa0ffcb7005357697065fb9ab9ac6f88  lib/argonaut_services.cyr
f5ecfdd9b6ee02914a1a3b542fec7559aa66e4830b852ee80e28e410a1fcc4f1  lib/freelist.cyr
305cfe43170398f4f5b36a8bd1213ee8353238f65c2c13b419de18d40dfb113e  lib/argonaut_compat_compat.cyr
8886e8e71b515dd5853b65ebe859eea7b8600e6f3635e129885fe1387508728b  lib/argonaut_init.cyr
12c88fb38ecb6615c1bb1e2ac673e5258485c16f35c4271b8103d19411d231c5  lib/sakshi.cyr
096eabc580c807f3e378fbe56058780a28cdf95b9c70b44672bca0a71cf969f6  lib/ct.cyr
5f6cbdc4dc19cdd43f563388b28bc9df676c638b3e0eb134e55ddae57c072198  lib/atomic.cyr
ff14f0d7999956754937f612c0aa60719c138f0967a81019cf99e08aae088087  lib/string.cyr
800705b9abf2ee7af5e578dbcbb847a09ada18155c985d803d1ff0ab93701682  lib/process.cyr
2319bcdd657ddb211398e81bafb132704248341317113616a70591880a781060  lib/alloc.cyr
191b298dbdb2bbf825adf67eb6ef90b0a4d52df185adc4d11e144b27c0c9579f  lib/sigil.cyr
9e8ce4df6c8e02046cc920b5efbe7c4cd1a597fcc57054c5f87079039fa2b61a  lib/argonaut_health.cyr
75d394972362a180b833b4d3cf1cb4fc6e4ae0b991785881ae9197b0aa1b55f6  lib/syscalls_x86_64_linux.cyr
150bb9efad587ae139d8df81d62c7578c8ab20d3c6964004908929657b597c12  lib/fmt.cyr
293aba79206fc1201a8998b64f51d00d8cb8ac3a5cb2f4ed96c1ca5a4b5aa2cd  lib/trait.cyr
5f7688bcf4e08859e89a54e78ce1e8a542e3eedc7bc2c9fb71eafe030604ab7e  lib/agnosys-core.cyr
5d28d719ccdf9658848dbe6d60cf54d16dd13c3d4354cea43400647d3a314963  lib/argonaut_boot.cyr
c9e220ca9bcb929cbc682e9b7eed7086b3b5a90474d562b600e137fde85eb7f0  lib/assert.cyr
229c3317be01eea203024b63f5a3b6752ca2a16ff3a8ce1a3d2d9b2856eb87c2  lib/patra.cyr
9b20e9579b285230c39abdc96b10c59fe56def89dec7162817fa9164c1046da4  lib/bigint.cyr
3b2f4602d1990d68107bee38204aa597921aae85c841f6bda9cf66f8cb8b56cf  lib/argonaut_resolver.cyr
413d8484ae08bf6e908eea366c6af66354c79b21de3d1a079f1087930924d75c  lib/chrono.cyr
b820bf4edc30c5a80fbc91f02c8371f24cbbaf916bc738701c110f0187ff22a9  lib/agnosys-storage.cyr
d9948e6a55a2cad8ff6a5ca85055329fa236b7cb690933c86e5aef2715813f31  lib/agnostik.cyr
778d6d262948a6e645af85c36d507d6d0430a54d682a6b4181a101eed9cc5056  lib/syscalls.cyr
5636bc71efdb0011e2586321dd98c71e3aa914b00a47593e62e5073d18932567  lib/argonaut_tmpfiles.cyr
f362ed6f1f4064dfcbc72b32892c2917ff80119a583bfdfa948771e115eb8de0  lib/alloc_windows.cyr
72412741cd02d0a4f3fa3b1b397e78af7659aaf991a30b1a5becb12f79b3c1ef  lib/thread.cyr
b94e0e54ede73fd39c4d50cebd5d365bf7b7be3d18c8a087403f0dd161c2a558  lib/argonaut_types.cyr
a1ad2bc8848854c12b55cc224676b1e748a366900919d9fe4c5fac8e18b96ed7  lib/syscalls_aarch64_linux.cyr
82ff313674a504d0d6d6e696ae1e0503148b066407c0c3344ee2098e54e504c4  lib/bench.cyr
691b8b4c07433b87b679f37e6ab92ef6541752e0148c3fcb25ebd71b80029f7b  lib/keccak.cyr
c499e96a908e3e50618ea32a8c2a308f761ca09805331e4ebef9f7ce5e1c5893  lib/agnosys-trust.cyr
746ded4adb489629ff0b0cd0f1e37f600e0ec355777cd130ed9eb1dafb3428d4  lib/vec.cyr
97ee4075f0f1516d383f2f1cea8d1fcb6ea62414f5411f5ea463b3b383396a08  lib/fs.cyr
c082ea0136227fb01b94f8647a4a472f1800ac829876b619dbf3f2e71140db76  lib/io.cyr
724cb440922e89ff60c76eba23670eeee53b9d1f3ffdde31ebe2e2f9badda9ed  lib/slice.cyr
910f3ecf3c0390d4532d83118f71c28cbe9403e2f3a7e936841091ab7fb051b6  lib/argonaut_audit.cyr
986664e1a80a4b80cb1cb7250c4b7b24c88dba3a3d2157783701c04a7ccbabc9  lib/hashmap.cyr
654812b684bbf3a0beaf1ca54c21701fca4f560f8ecb5d6b830b7d1d031fb13a  lib/fnptr.cyr
137d3a72ea9b80ffa77c76bd40cfa0b01c700f98393b62b610c3b3749b2f690a  lib/syscalls_windows.cyr
de4598e4862fdc8d02195688b9aacc91e888d5f6b85d9fac08f4b7af9daaca19  lib/random.cyr
cda4b7eb1f4ce240e6cfba8b78fedf671aac1591792d3ad28e1dd077d46f9b6b  lib/json.cyr
68409c55f1d310b78503ad2e4e7a92502d605d859b1dba8b34b7a4899778a1ca  lib/callback.cyr
55ffe9a910b214a8dd6fcafce5ee1ba5c86ff8e4f7d79f9c32068019bd013c71  lib/result.cyr
