c1117f96f6b53316aa86b887d6c9b5902fb971e7d8bf2beb5e390b6a95f27f60  lib/agnosys_syscalls_linux.cyr
bd2ceb469f8f3ecbd85f23261fb9127d87c69f4da05cee04ce2dfc86d57e34af  lib/agnostik_error.cyr
1c8afc9d7bbb8889a05f595e1fe83f330b6abe785d4a1e095b4f83d1ff9d4510  lib/agnostik_types.cyr
793a802380647a8fb17709f821619dac03b70149c57556426813694b782795ec  lib/agnostik_security.cyr
a1b0735affdba34374bfc7f03864b9e4bac21c04c36453b0e863ed4f1c815ee4  lib/agnostik_agent.cyr
8eb2ff42739bb43d9ddd90174e1539a81c6399182ab5c77e956eeea47a39faa5  lib/libro_error.cyr
e41041836e32f6d6614d77f88bd6e62e6619decd8ede75e6e4c25e2f6ab32f1c  lib/libro_hasher.cyr
1c9d2f78933d0263a65a87d8f4e22ba9644bad2e2103cbc0298899442a36fb24  lib/libro_entry.cyr
37d2026534b1a04c4f2e4eb0abee8301da028787def42cd0623de5b6ae7725e3  lib/libro_verify.cyr
3ef3c12489060b5a135f74f9b4ed3bb83c9bbb1484f58f31fdac33df8b5502a4  lib/libro_query.cyr
85f1e48a02992dc30ae4c2e8237d6119a2feb4276955c41fb855f9f53fa721b3  lib/libro_retention.cyr
1171b09c5b671a987323d4ce6126e81a4517314f6be81353fde5dfde514887d0  lib/libro_chain.cyr
ad7d89852d48b4ffeb41bcea3027472878535ee6063a6fc8260b9c2f0a9e0711  lib/libro_export.cyr
1852355115bfb76dfaade6947d1d60803b6ec36bd336e91fb572c7ebce7728a2  lib/argonaut_types.cyr
ef54a5aeedee2d5fb396d82f1e6d6217505f9126de7570813d39dc802504ec34  lib/argonaut_audit.cyr
c464e5e0bb4a45b5187c2cc23486cf1ee2052c4e1565a34a1a22b618fa7f7bb3  lib/argonaut_services.cyr
ddf3910ff23392610747934e30c32722922b3da11184c81469307ec907137b0e  lib/argonaut_health.cyr
e7e9b75932426946fbb1522dcc3388957df3169c67ccf3d7b0bbe58579290336  lib/argonaut_process_mgmt.cyr
d9163dcee6e8077cf7f94c3c39241c268002fb7031b74a929eedde69ad482edf  lib/argonaut_boot.cyr
90f6b293b626d781969c0a6ff02cf02c2c8266efe2c1621bb9522c6110a48410  lib/argonaut_init.cyr
