58f8da642d6a018172582e891fe8f3216176b0c8bbaaf9c50d46355012484e5f  lib/tagged.cyr
4fe885bd0c5d5ae1a17ebcfbf1d8aaf8fae11c6513c2c29a0beae839b7fc316c  lib/net.cyr
ffe2616ede848b553dbe44b82f96929b209910f9c747c76062e1a1b30446c8ce  lib/syscalls_macos.cyr
90d01355e0fd6e0e621d38d418e9ac1095b1efcf7e94c9b5e7b78603727c2e1b  lib/mmap.cyr
f7852e63d5d26359956b455f270a138a80ca4de1bc00ba4cd3fa56c346b9a139  lib/str.cyr
0087be72385851475883e80d968f02ef8f09e940a845b3a006631935b3adedca  lib/libro.cyr
9a45f29187d071e98792887844aac747e59e1c1615c47249d79cd28f01568f2e  lib/alloc_agnos.cyr
ea3d1d0d2cc3b0173bbe6f8c7e9d6fdfa4eccb7a83e948bbad02878892138282  lib/argonaut_notify.cyr
541a436ad689b82d7bac4cbb83467222f39c5a02cb66f9bdc47ea59b073c664e  lib/alloc_macos.cyr
089d0aad1a9f847c862d38b4cbe6dbc74327135a3d6931355baf1b6b7ef333f1  lib/argonaut_process_mgmt.cyr
37dcc67b35a6b74de01ad39136ce01e543dcd6f9f943bc96aac9f229e5e68fb5  lib/argonaut_audit_ext.cyr
d93d196b47edd5eb43c56033548c8132fa0ffcb7005357697065fb9ab9ac6f88  lib/argonaut_services.cyr
67be051d6ed062dc00a6c645bb1ca6a83640463fdf29e4b486446a22666b11c7  lib/freelist.cyr
8886e8e71b515dd5853b65ebe859eea7b8600e6f3635e129885fe1387508728b  lib/argonaut_init.cyr
12c88fb38ecb6615c1bb1e2ac673e5258485c16f35c4271b8103d19411d231c5  lib/sakshi.cyr
096eabc580c807f3e378fbe56058780a28cdf95b9c70b44672bca0a71cf969f6  lib/ct.cyr
5f6cbdc4dc19cdd43f563388b28bc9df676c638b3e0eb134e55ddae57c072198  lib/atomic.cyr
ff14f0d7999956754937f612c0aa60719c138f0967a81019cf99e08aae088087  lib/string.cyr
d3931ffdb87017f7b6aeed08b0ae48fe5626c1284bd62fae6f778f89d4c7da5b  lib/process.cyr
fec61278ee1f72a635902c02e68d6916a1e0feef19ddeb71530bff3384544959  lib/alloc.cyr
25871e70bc59f414bd4dccfa2c18b32e57ec4db40a6b51862116af031bdb4463  lib/sigil.cyr
72382274d81048aa484b12236b2f8394747b8dd02445a833137d590dd855a334  lib/argonaut_health.cyr
09220dc4ea43fd66fd3dfc218795ec0b0f675287cd24458a42e93343a62b1aaa  lib/syscalls_x86_64_linux.cyr
986b5b3a7f6e0930aadf417d048411d2ede8603c1cd75cc46a81fbf8a6e22bc7  lib/syscalls_x86_64_agnos.cyr
150bb9efad587ae139d8df81d62c7578c8ab20d3c6964004908929657b597c12  lib/fmt.cyr
293aba79206fc1201a8998b64f51d00d8cb8ac3a5cb2f4ed96c1ca5a4b5aa2cd  lib/trait.cyr
77f2a29f6b96cd78c2bf5cc457d4d9e2b639115a59add42d5f97c85c499ef6a9  lib/agnosys-core.cyr
5d28d719ccdf9658848dbe6d60cf54d16dd13c3d4354cea43400647d3a314963  lib/argonaut_boot.cyr
c9e220ca9bcb929cbc682e9b7eed7086b3b5a90474d562b600e137fde85eb7f0  lib/assert.cyr
36dd405ec1cca1c5096c2ffb22da3abf7276010b7a0cb5dff52fd060c211d1d6  lib/patra.cyr
2da010aac142d5f0399b5a7da30c72676ab9e5857969d557cfe4f7dec60423e7  lib/bigint.cyr
3b2f4602d1990d68107bee38204aa597921aae85c841f6bda9cf66f8cb8b56cf  lib/argonaut_resolver.cyr
413d8484ae08bf6e908eea366c6af66354c79b21de3d1a079f1087930924d75c  lib/chrono.cyr
79ed9cd49a0b91b630e63e8ea2349d57db252e386a7121ea4ffa225e298689f9  lib/agnosys-storage.cyr
88ea6eb670d7185ee6f4f243a6bd8f08aed69c91f4892eaabacf536a4d09cb57  lib/agnostik.cyr
861dedc4d9c07fcf1e431551e469890953a1b02e321354585742c1ed281a9fcf  lib/syscalls.cyr
fcb3875e8ff757fd3abf2566b87947ae402631624cd8885c2766758d641529c9  lib/thread_local.cyr
5636bc71efdb0011e2586321dd98c71e3aa914b00a47593e62e5073d18932567  lib/argonaut_tmpfiles.cyr
6e36b746b66ad8937f4273cbcb2f51347e538687d6b419c28ea15d9239005ad4  lib/alloc_windows.cyr
de2afce0580568b73586ff1b7a948f57e0ba1b41d8a16969c5d3556620ce6d14  lib/thread_win.cyr
060e7735d7e9f1a9b0d886c26333dc93b2ba181defe33011990a31615226572e  lib/thread.cyr
b94e0e54ede73fd39c4d50cebd5d365bf7b7be3d18c8a087403f0dd161c2a558  lib/argonaut_types.cyr
a15828882069497bdd82142d709c932b229f498a89e9f7d689c80a8868c29222  lib/syscalls_aarch64_linux.cyr
82ff313674a504d0d6d6e696ae1e0503148b066407c0c3344ee2098e54e504c4  lib/bench.cyr
543be460c6d2a9922e47f4dafb4fae981802f74827b935d4ec9dadb35870cb43  lib/keccak.cyr
be741344a7b50d0a72b89b7528912bc48d01bf9062a29c332870b5379183fc47  lib/agnosys-trust.cyr
c2009b15d382fbe80366feb8c0a070a3a711b2e3fc40604bddcb77edc3ef1520  lib/vec.cyr
97ee4075f0f1516d383f2f1cea8d1fcb6ea62414f5411f5ea463b3b383396a08  lib/fs.cyr
a9b4daf3511b905965bf9b99e31d51ef54993fc8c3ad961d9122ac97719a4f18  lib/io.cyr
724cb440922e89ff60c76eba23670eeee53b9d1f3ffdde31ebe2e2f9badda9ed  lib/slice.cyr
910f3ecf3c0390d4532d83118f71c28cbe9403e2f3a7e936841091ab7fb051b6  lib/argonaut_audit.cyr
986664e1a80a4b80cb1cb7250c4b7b24c88dba3a3d2157783701c04a7ccbabc9  lib/hashmap.cyr
76276b98b431e30b49168d4af8d5efdd428dde8c7114351e8d575e0abc3992ab  lib/fnptr.cyr
c687ff6f4784ca309c119c97de1c3f730e0da9e36d2cc82fbaaaeedc1da76027  lib/syscalls_windows.cyr
de4598e4862fdc8d02195688b9aacc91e888d5f6b85d9fac08f4b7af9daaca19  lib/random.cyr
86c4e2b20a7b376279c6e7f905744182aa120b8eb1d737cd173fc2ea8e799ff3  lib/json.cyr
6a61c7631c48074af8f53260b0bf91e2918d1ee65008337360c82d92ad0f3369  lib/callback.cyr
ad939696ad226c1c0ce55caf8ba4468e9e2f44be3af2792b35fb66c288986026  lib/syscalls_linux_common.cyr
1a424999465957857334b666a476c1630172487ae7ddc81d4c5b5a9f237a8957  lib/process_win.cyr
55ffe9a910b214a8dd6fcafce5ee1ba5c86ff8e4f7d79f9c32068019bd013c71  lib/result.cyr
